
Microsoft Visual Studio Solution File, Format Version 12.00
# Visual Studio 15
VisualStudioVersion = 15.0.26730.3
MinimumVisualStudioVersion = 10.0.40219.1
Project("{FAE04EC0-301F-11D3-BF4B-00C04F79EFBC}") = "GsisServicesLib", "GsisServicesLib\GsisServicesLib.csproj", "{DD3D437A-3B58-47E1-A7AC-339478D7C894}"
EndProject
Global
	GlobalSection(SolutionConfigurationPlatforms) = preSolution
		Debug|Any CPU = Debug|Any CPU
		Release|Any CPU = Release|Any CPU
	EndGlobalSection
	GlobalSection(ProjectConfigurationPlatforms) = postSolution
		{DD3D437A-3B58-47E1-A7AC-339478D7C894}.Debug|Any CPU.ActiveCfg = Debug|Any CPU
		{DD3D437A-3B58-47E1-A7AC-339478D7C894}.Debug|Any CPU.Build.0 = Debug|Any CPU
		{DD3D437A-3B58-47E1-A7AC-339478D7C894}.Release|Any CPU.ActiveCfg = Release|Any CPU
		{DD3D437A-3B58-47E1-A7AC-339478D7C894}.Release|Any CPU.Build.0 = Release|Any CPU
	EndGlobalSection
	GlobalSection(SolutionProperties) = preSolution
		HideSolutionNode = FALSE
	EndGlobalSection
	GlobalSection(ExtensibilityGlobals) = postSolution
		SolutionGuid = {F8F95252-E960-4A36-95AD-DC41AA1D6265}
	EndGlobalSection
EndGlobal
